
Microsoft Visual Studio Solution File, Format Version 12.00
# Visual Studio 14
VisualStudioVersion = 14.0.24720.0
MinimumVisualStudioVersion = 10.0.40219.1
Project("{F184B08F-C81C-45F6-A57F-5ABD9991F28F}") = "ClassLibrary2", "..\ClassLibrary2\ClassLibrary2.vbproj", "{4E17CEF5-308B-4FFA-BC00-DD91C8F3D5CD}"
EndProject
Project("{FAE04EC0-301F-11D3-BF4B-00C04F79EFBC}") = "WindowsFormsApplication2", "WindowsFormsApplication2\WindowsFormsApplication2.csproj", "{C1E109DB-1813-441B-9486-65317B4DA9D1}"
EndProject
Global
	GlobalSection(SolutionConfigurationPlatforms) = preSolution
		Debug|Any CPU = Debug|Any CPU
		Release|Any CPU = Release|Any CPU
	EndGlobalSection
	GlobalSection(ProjectConfigurationPlatforms) = postSolution
		{4E17CEF5-308B-4FFA-BC00-DD91C8F3D5CD}.Debug|Any CPU.ActiveCfg = Debug|Any CPU
		{4E17CEF5-308B-4FFA-BC00-DD91C8F3D5CD}.Debug|Any CPU.Build.0 = Debug|Any CPU
		{4E17CEF5-308B-4FFA-BC00-DD91C8F3D5CD}.Release|Any CPU.ActiveCfg = Release|Any CPU
		{4E17CEF5-308B-4FFA-BC00-DD91C8F3D5CD}.Release|Any CPU.Build.0 = Release|Any CPU
		{C1E109DB-1813-441B-9486-65317B4DA9D1}.Debug|Any CPU.ActiveCfg = Debug|Any CPU
		{C1E109DB-1813-441B-9486-65317B4DA9D1}.Debug|Any CPU.Build.0 = Debug|Any CPU
		{C1E109DB-1813-441B-9486-65317B4DA9D1}.Release|Any CPU.ActiveCfg = Release|Any CPU
		{C1E109DB-1813-441B-9486-65317B4DA9D1}.Release|Any CPU.Build.0 = Release|Any CPU
	EndGlobalSection
	GlobalSection(SolutionProperties) = preSolution
		HideSolutionNode = FALSE
	EndGlobalSection
EndGlobal
