
Microsoft Visual Studio Solution File, Format Version 12.00
# Visual Studio 14
VisualStudioVersion = 14.0.24720.0
MinimumVisualStudioVersion = 10.0.40219.1
Project("{FAE04EC0-301F-11D3-BF4B-00C04F79EFBC}") = "LentilToolbox", "LentilToolbox.csproj", "{AC315D57-80CA-4E7A-B55C-064B94547552}"
EndProject
Project("{FAE04EC0-301F-11D3-BF4B-00C04F79EFBC}") = "Core", "Core\Core.csproj", "{55959896-CC0E-46E3-820D-A7DF249D3C6D}"
EndProject
Project("{F184B08F-C81C-45F6-A57F-5ABD9991F28F}") = "ModelLib", "ModelLib\ModelLib.vbproj", "{AF6F11CE-79C2-4A02-B421-05FD42720879}"
EndProject
Global
	GlobalSection(SolutionConfigurationPlatforms) = preSolution
		Debug|Any CPU = Debug|Any CPU
		Release|Any CPU = Release|Any CPU
	EndGlobalSection
	GlobalSection(ProjectConfigurationPlatforms) = postSolution
		{AC315D57-80CA-4E7A-B55C-064B94547552}.Debug|Any CPU.ActiveCfg = Debug|Any CPU
		{AC315D57-80CA-4E7A-B55C-064B94547552}.Debug|Any CPU.Build.0 = Debug|Any CPU
		{AC315D57-80CA-4E7A-B55C-064B94547552}.Release|Any CPU.ActiveCfg = Release|Any CPU
		{AC315D57-80CA-4E7A-B55C-064B94547552}.Release|Any CPU.Build.0 = Release|Any CPU
		{55959896-CC0E-46E3-820D-A7DF249D3C6D}.Debug|Any CPU.ActiveCfg = Debug|Any CPU
		{55959896-CC0E-46E3-820D-A7DF249D3C6D}.Debug|Any CPU.Build.0 = Debug|Any CPU
		{55959896-CC0E-46E3-820D-A7DF249D3C6D}.Release|Any CPU.ActiveCfg = Release|Any CPU
		{55959896-CC0E-46E3-820D-A7DF249D3C6D}.Release|Any CPU.Build.0 = Release|Any CPU
		{AF6F11CE-79C2-4A02-B421-05FD42720879}.Debug|Any CPU.ActiveCfg = Debug|Any CPU
		{AF6F11CE-79C2-4A02-B421-05FD42720879}.Debug|Any CPU.Build.0 = Debug|Any CPU
		{AF6F11CE-79C2-4A02-B421-05FD42720879}.Release|Any CPU.ActiveCfg = Release|Any CPU
		{AF6F11CE-79C2-4A02-B421-05FD42720879}.Release|Any CPU.Build.0 = Release|Any CPU
	EndGlobalSection
	GlobalSection(SolutionProperties) = preSolution
		HideSolutionNode = FALSE
	EndGlobalSection
EndGlobal
